
Microsoft Visual Studio Solution File, Format Version 12.00
# Visual Studio Version 16
VisualStudioVersion = 16.0.30611.23
MinimumVisualStudioVersion = 10.0.40219.1
Project("{9A19103F-16F7-4668-BE54-9A1E7A4F7556}") = "Avocado Market", "Avocado Market.csproj", "{799B0D06-DC6D-4616-AB8B-AF2FD4B406BE}"
EndProject
Global
	GlobalSection(SolutionConfigurationPlatforms) = preSolution
		Debug|Any CPU = Debug|Any CPU
		Release|Any CPU = Release|Any CPU
	EndGlobalSection
	GlobalSection(ProjectConfigurationPlatforms) = postSolution
		{799B0D06-DC6D-4616-AB8B-AF2FD4B406BE}.Debug|Any CPU.ActiveCfg = Debug|Any CPU
		{799B0D06-DC6D-4616-AB8B-AF2FD4B406BE}.Debug|Any CPU.Build.0 = Debug|Any CPU
		{799B0D06-DC6D-4616-AB8B-AF2FD4B406BE}.Release|Any CPU.ActiveCfg = Release|Any CPU
		{799B0D06-DC6D-4616-AB8B-AF2FD4B406BE}.Release|Any CPU.Build.0 = Release|Any CPU
	EndGlobalSection
	GlobalSection(SolutionProperties) = preSolution
		HideSolutionNode = FALSE
	EndGlobalSection
	GlobalSection(ExtensibilityGlobals) = postSolution
		SolutionGuid = {75CA5EA2-A381-4258-95E7-417395ADB105}
	EndGlobalSection
EndGlobal
